
Microsoft Visual Studio Solution File, Format Version 12.00
Project("{2150E333-8FDC-42A3-9474-1A3956D46DE8}") = "Solution Items", "Solution Items", "{413CFBE0-830E-4F6F-B75A-A449D1E93F3F}"
EndProject
Project("{2150E333-8FDC-42A3-9474-1A3956D46DE8}") = "src", "src", "{D16DE833-C4E5-46A5-9E1B-D07389D46403}"
EndProject
Project("{2150E333-8FDC-42A3-9474-1A3956D46DE8}") = "Api", "Api", "{580A6745-9F01-4519-AAF6-3EC37E0C9DAA}"
EndProject
Project("{2150E333-8FDC-42A3-9474-1A3956D46DE8}") = "Domain", "Domain", "{DFF24634-E046-4A4D-8BC4-232040EDB9CD}"
EndProject
Project("{2150E333-8FDC-42A3-9474-1A3956D46DE8}") = "Application", "Application", "{B467953B-2AF8-406F-A30B-574D0B7FF4A6}"
EndProject
Project("{2150E333-8FDC-42A3-9474-1A3956D46DE8}") = "Infrastructure", "Infrastructure", "{2B1ECA88-5393-46E9-B96C-9860029A0C32}"
EndProject
Project("{FAE04EC0-301F-11D3-BF4B-00C04F79EFBC}") = "Femsa.Darwin.Users.Domain", "src\Domain\Femsa.Darwin.Users.Domain\Femsa.Darwin.Users.Domain.csproj", "{43EB9FCC-D2A2-436B-9380-F74FC3E593E3}"
EndProject
Project("{FAE04EC0-301F-11D3-BF4B-00C04F79EFBC}") = "Femsa.Darwin.Users.Infrastructure", "src\Infrastructure\Femsa.Darwin.Users.Infrastructure\Femsa.Darwin.Users.Infrastructure.csproj", "{C13DCB87-89C7-4820-9BBE-6909472C2559}"
EndProject
Project("{FAE04EC0-301F-11D3-BF4B-00C04F79EFBC}") = "Femsa.Darwin.Users.Application", "src\Application\Femsa.Darwin.Users.Application\Femsa.Darwin.Users.Application.csproj", "{55A46A8B-04CC-4555-8499-5481C02AC7BF}"
EndProject
Project("{FAE04EC0-301F-11D3-BF4B-00C04F79EFBC}") = "Femsa.Darwin.Users.Api", "src\Api\Femsa.Darwin.Users.Api\Femsa.Darwin.Users.Api.csproj", "{5F34C5D2-7785-4EFF-A0FD-E35AA0BC8767}"
EndProject
EndProject
Global
	GlobalSection(SolutionConfigurationPlatforms) = preSolution
		Debug|Any CPU = Debug|Any CPU
		Release|Any CPU = Release|Any CPU
	EndGlobalSection
	GlobalSection(ProjectConfigurationPlatforms) = postSolution
		{43EB9FCC-D2A2-436B-9380-F74FC3E593E3}.Debug|Any CPU.ActiveCfg = Debug|Any CPU
		{43EB9FCC-D2A2-436B-9380-F74FC3E593E3}.Debug|Any CPU.Build.0 = Debug|Any CPU
		{43EB9FCC-D2A2-436B-9380-F74FC3E593E3}.Release|Any CPU.ActiveCfg = Release|Any CPU
		{43EB9FCC-D2A2-436B-9380-F74FC3E593E3}.Release|Any CPU.Build.0 = Release|Any CPU
		{C13DCB87-89C7-4820-9BBE-6909472C2559}.Debug|Any CPU.ActiveCfg = Debug|Any CPU
		{C13DCB87-89C7-4820-9BBE-6909472C2559}.Debug|Any CPU.Build.0 = Debug|Any CPU
		{C13DCB87-89C7-4820-9BBE-6909472C2559}.Release|Any CPU.ActiveCfg = Release|Any CPU
		{C13DCB87-89C7-4820-9BBE-6909472C2559}.Release|Any CPU.Build.0 = Release|Any CPU
		{55A46A8B-04CC-4555-8499-5481C02AC7BF}.Debug|Any CPU.ActiveCfg = Debug|Any CPU
		{55A46A8B-04CC-4555-8499-5481C02AC7BF}.Debug|Any CPU.Build.0 = Debug|Any CPU
		{55A46A8B-04CC-4555-8499-5481C02AC7BF}.Release|Any CPU.ActiveCfg = Release|Any CPU
		{55A46A8B-04CC-4555-8499-5481C02AC7BF}.Release|Any CPU.Build.0 = Release|Any CPU
		{5F34C5D2-7785-4EFF-A0FD-E35AA0BC8767}.Debug|Any CPU.ActiveCfg = Debug|Any CPU
		{5F34C5D2-7785-4EFF-A0FD-E35AA0BC8767}.Debug|Any CPU.Build.0 = Debug|Any CPU
		{5F34C5D2-7785-4EFF-A0FD-E35AA0BC8767}.Release|Any CPU.ActiveCfg = Release|Any CPU
		{5F34C5D2-7785-4EFF-A0FD-E35AA0BC8767}.Release|Any CPU.Build.0 = Release|Any CPU
	EndGlobalSection
	GlobalSection(NestedProjects) = preSolution
		{580A6745-9F01-4519-AAF6-3EC37E0C9DAA} = {D16DE833-C4E5-46A5-9E1B-D07389D46403}
		{DFF24634-E046-4A4D-8BC4-232040EDB9CD} = {D16DE833-C4E5-46A5-9E1B-D07389D46403}
		{B467953B-2AF8-406F-A30B-574D0B7FF4A6} = {D16DE833-C4E5-46A5-9E1B-D07389D46403}
		{2B1ECA88-5393-46E9-B96C-9860029A0C32} = {D16DE833-C4E5-46A5-9E1B-D07389D46403}
		{43EB9FCC-D2A2-436B-9380-F74FC3E593E3} = {DFF24634-E046-4A4D-8BC4-232040EDB9CD}
		{C13DCB87-89C7-4820-9BBE-6909472C2559} = {2B1ECA88-5393-46E9-B96C-9860029A0C32}
		{55A46A8B-04CC-4555-8499-5481C02AC7BF} = {B467953B-2AF8-406F-A30B-574D0B7FF4A6}
		{5F34C5D2-7785-4EFF-A0FD-E35AA0BC8767} = {580A6745-9F01-4519-AAF6-3EC37E0C9DAA}
	EndGlobalSection
EndGlobal
